
Microsoft Visual Studio Solution File, Format Version 12.00
# Visual Studio 15
VisualStudioVersion = 15.0.28307.1000
MinimumVisualStudioVersion = 10.0.40219.1
Project("{9A19103F-16F7-4668-BE54-9A1E7A4F7556}") = "SpellingDestiny", "SpellingDestiny\SpellingDestiny.csproj", "{9599DBC1-0A96-45D8-9EC5-D55629BF8A8D}"
EndProject
Project("{9A19103F-16F7-4668-BE54-9A1E7A4F7556}") = "SpellingDestiny.Tests", "SpellingDestiny.Tests\SpellingDestiny.Tests.csproj", "{5138EB73-0B86-428B-A570-84252FBF09DD}"
EndProject
Global
	GlobalSection(SolutionConfigurationPlatforms) = preSolution
		Debug|Any CPU = Debug|Any CPU
		Release|Any CPU = Release|Any CPU
	EndGlobalSection
	GlobalSection(ProjectConfigurationPlatforms) = postSolution
		{9599DBC1-0A96-45D8-9EC5-D55629BF8A8D}.Debug|Any CPU.ActiveCfg = Debug|Any CPU
		{9599DBC1-0A96-45D8-9EC5-D55629BF8A8D}.Debug|Any CPU.Build.0 = Debug|Any CPU
		{9599DBC1-0A96-45D8-9EC5-D55629BF8A8D}.Release|Any CPU.ActiveCfg = Release|Any CPU
		{9599DBC1-0A96-45D8-9EC5-D55629BF8A8D}.Release|Any CPU.Build.0 = Release|Any CPU
		{5138EB73-0B86-428B-A570-84252FBF09DD}.Debug|Any CPU.ActiveCfg = Debug|Any CPU
		{5138EB73-0B86-428B-A570-84252FBF09DD}.Debug|Any CPU.Build.0 = Debug|Any CPU
		{5138EB73-0B86-428B-A570-84252FBF09DD}.Release|Any CPU.ActiveCfg = Release|Any CPU
		{5138EB73-0B86-428B-A570-84252FBF09DD}.Release|Any CPU.Build.0 = Release|Any CPU
	EndGlobalSection
	GlobalSection(SolutionProperties) = preSolution
		HideSolutionNode = FALSE
	EndGlobalSection
	GlobalSection(ExtensibilityGlobals) = postSolution
		SolutionGuid = {0D7CAFBB-F7B4-4FC6-9BEB-ED2A5D6949F8}
	EndGlobalSection
EndGlobal
